
Microsoft Visual Studio Solution File, Format Version 12.00
# Visual Studio Version 16
VisualStudioVersion = 16.0.30114.105
MinimumVisualStudioVersion = 10.0.40219.1
Project("{2150E333-8FDC-42A3-9474-1A3956D46DE8}") = "src", "src", "{BAC0BAD7-B5FB-4DF1-9642-9F9C9DF955E9}"
EndProject
Project("{FAE04EC0-301F-11D3-BF4B-00C04F79EFBC}") = "webapi", "src\webapi\webapi.csproj", "{908483F9-08B1-4BAD-B336-3ECFC1EC2B5A}"
EndProject
Project("{FAE04EC0-301F-11D3-BF4B-00C04F79EFBC}") = "infrastructure", "src\infrastructure\infrastructure.csproj", "{3DD5D6E1-3993-4EF2-A8DD-1BD9871F3226}"
EndProject
Project("{FAE04EC0-301F-11D3-BF4B-00C04F79EFBC}") = "core", "src\core\core.csproj", "{E9F14D44-FD70-488D-A547-9FC868C988E2}"
EndProject
Global
	GlobalSection(SolutionConfigurationPlatforms) = preSolution
		Debug|Any CPU = Debug|Any CPU
		Release|Any CPU = Release|Any CPU
	EndGlobalSection
	GlobalSection(SolutionProperties) = preSolution
		HideSolutionNode = FALSE
	EndGlobalSection
	GlobalSection(ProjectConfigurationPlatforms) = postSolution
		{908483F9-08B1-4BAD-B336-3ECFC1EC2B5A}.Debug|Any CPU.ActiveCfg = Debug|Any CPU
		{908483F9-08B1-4BAD-B336-3ECFC1EC2B5A}.Debug|Any CPU.Build.0 = Debug|Any CPU
		{908483F9-08B1-4BAD-B336-3ECFC1EC2B5A}.Release|Any CPU.ActiveCfg = Release|Any CPU
		{908483F9-08B1-4BAD-B336-3ECFC1EC2B5A}.Release|Any CPU.Build.0 = Release|Any CPU
		{3DD5D6E1-3993-4EF2-A8DD-1BD9871F3226}.Debug|Any CPU.ActiveCfg = Debug|Any CPU
		{3DD5D6E1-3993-4EF2-A8DD-1BD9871F3226}.Debug|Any CPU.Build.0 = Debug|Any CPU
		{3DD5D6E1-3993-4EF2-A8DD-1BD9871F3226}.Release|Any CPU.ActiveCfg = Release|Any CPU
		{3DD5D6E1-3993-4EF2-A8DD-1BD9871F3226}.Release|Any CPU.Build.0 = Release|Any CPU
		{E9F14D44-FD70-488D-A547-9FC868C988E2}.Debug|Any CPU.ActiveCfg = Debug|Any CPU
		{E9F14D44-FD70-488D-A547-9FC868C988E2}.Debug|Any CPU.Build.0 = Debug|Any CPU
		{E9F14D44-FD70-488D-A547-9FC868C988E2}.Release|Any CPU.ActiveCfg = Release|Any CPU
		{E9F14D44-FD70-488D-A547-9FC868C988E2}.Release|Any CPU.Build.0 = Release|Any CPU
	EndGlobalSection
	GlobalSection(NestedProjects) = preSolution
		{908483F9-08B1-4BAD-B336-3ECFC1EC2B5A} = {BAC0BAD7-B5FB-4DF1-9642-9F9C9DF955E9}
		{3DD5D6E1-3993-4EF2-A8DD-1BD9871F3226} = {BAC0BAD7-B5FB-4DF1-9642-9F9C9DF955E9}
		{E9F14D44-FD70-488D-A547-9FC868C988E2} = {BAC0BAD7-B5FB-4DF1-9642-9F9C9DF955E9}
	EndGlobalSection
EndGlobal
